
Microsoft Visual Studio Solution File, Format Version 12.00
# Visual Studio 2013
VisualStudioVersion = 12.0.21005.1
MinimumVisualStudioVersion = 10.0.40219.1
Project("{FAE04EC0-301F-11D3-BF4B-00C04F79EFBC}") = "MyWinFormApp", "MyWinFormApp\MyWinFormApp.csproj", "{7CA9028B-ADC1-4C4F-A26D-766FFABF0A69}"
EndProject
Project("{FAE04EC0-301F-11D3-BF4B-00C04F79EFBC}") = "MVC", "MVC\MVC.csproj", "{1345ED9A-1354-4454-86A9-00FC1CC7493B}"
EndProject
Project("{FAE04EC0-301F-11D3-BF4B-00C04F79EFBC}") = "Tset", "Tset\Tset.csproj", "{403ACC63-F2D2-44F3-A8E2-098B030A81B3}"
EndProject
Project("{FAE04EC0-301F-11D3-BF4B-00C04F79EFBC}") = "Raw", "Raw\Raw.csproj", "{712A4164-F8EA-4B89-8DDD-12721EF24B6B}"
EndProject
Global
	GlobalSection(SolutionConfigurationPlatforms) = preSolution
		Debug|Any CPU = Debug|Any CPU
		Release|Any CPU = Release|Any CPU
	EndGlobalSection
	GlobalSection(ProjectConfigurationPlatforms) = postSolution
		{7CA9028B-ADC1-4C4F-A26D-766FFABF0A69}.Debug|Any CPU.ActiveCfg = Debug|Any CPU
		{7CA9028B-ADC1-4C4F-A26D-766FFABF0A69}.Debug|Any CPU.Build.0 = Debug|Any CPU
		{7CA9028B-ADC1-4C4F-A26D-766FFABF0A69}.Release|Any CPU.ActiveCfg = Release|Any CPU
		{7CA9028B-ADC1-4C4F-A26D-766FFABF0A69}.Release|Any CPU.Build.0 = Release|Any CPU
		{1345ED9A-1354-4454-86A9-00FC1CC7493B}.Debug|Any CPU.ActiveCfg = Debug|Any CPU
		{1345ED9A-1354-4454-86A9-00FC1CC7493B}.Debug|Any CPU.Build.0 = Debug|Any CPU
		{1345ED9A-1354-4454-86A9-00FC1CC7493B}.Release|Any CPU.ActiveCfg = Release|Any CPU
		{1345ED9A-1354-4454-86A9-00FC1CC7493B}.Release|Any CPU.Build.0 = Release|Any CPU
		{403ACC63-F2D2-44F3-A8E2-098B030A81B3}.Debug|Any CPU.ActiveCfg = Debug|Any CPU
		{403ACC63-F2D2-44F3-A8E2-098B030A81B3}.Debug|Any CPU.Build.0 = Debug|Any CPU
		{403ACC63-F2D2-44F3-A8E2-098B030A81B3}.Release|Any CPU.ActiveCfg = Release|Any CPU
		{403ACC63-F2D2-44F3-A8E2-098B030A81B3}.Release|Any CPU.Build.0 = Release|Any CPU
		{712A4164-F8EA-4B89-8DDD-12721EF24B6B}.Debug|Any CPU.ActiveCfg = Debug|Any CPU
		{712A4164-F8EA-4B89-8DDD-12721EF24B6B}.Debug|Any CPU.Build.0 = Debug|Any CPU
		{712A4164-F8EA-4B89-8DDD-12721EF24B6B}.Release|Any CPU.ActiveCfg = Release|Any CPU
		{712A4164-F8EA-4B89-8DDD-12721EF24B6B}.Release|Any CPU.Build.0 = Release|Any CPU
	EndGlobalSection
	GlobalSection(SolutionProperties) = preSolution
		HideSolutionNode = FALSE
	EndGlobalSection
EndGlobal
